
Microsoft Visual Studio Solution File, Format Version 12.00
# Visual Studio Version 16
VisualStudioVersion = 16.0.36602.28
MinimumVisualStudioVersion = 10.0.40219.1
Project("{FAE04EC0-301F-11D3-BF4B-00C04F79EFBC}") = "EmployeesGUIApp", "EmployeesGUIApp\EmployeesGUIApp.csproj", "{38BE1DAF-52FB-49AD-81A0-7AD51C8D8060}"
EndProject
Global
	GlobalSection(SolutionConfigurationPlatforms) = preSolution
		Debug|Any CPU = Debug|Any CPU
		Release|Any CPU = Release|Any CPU
	EndGlobalSection
	GlobalSection(ProjectConfigurationPlatforms) = postSolution
		{38BE1DAF-52FB-49AD-81A0-7AD51C8D8060}.Debug|Any CPU.ActiveCfg = Debug|Any CPU
		{38BE1DAF-52FB-49AD-81A0-7AD51C8D8060}.Debug|Any CPU.Build.0 = Debug|Any CPU
		{38BE1DAF-52FB-49AD-81A0-7AD51C8D8060}.Release|Any CPU.ActiveCfg = Release|Any CPU
		{38BE1DAF-52FB-49AD-81A0-7AD51C8D8060}.Release|Any CPU.Build.0 = Release|Any CPU
	EndGlobalSection
	GlobalSection(SolutionProperties) = preSolution
		HideSolutionNode = FALSE
	EndGlobalSection
	GlobalSection(ExtensibilityGlobals) = postSolution
		SolutionGuid = {DE63B84B-0E12-467A-AEB5-CD4AD7AB6EF9}
	EndGlobalSection
EndGlobal
