
Microsoft Visual Studio Solution File, Format Version 12.00
# Visual Studio Version 16
VisualStudioVersion = 16.0.36602.28
MinimumVisualStudioVersion = 10.0.40219.1
Project("{FAE04EC0-301F-11D3-BF4B-00C04F79EFBC}") = "EmployeesGUIApp", "EmployeesGUIApp\EmployeesGUIApp.csproj", "{8126ED10-5ECB-4CD5-8146-43CCA4524F13}"
EndProject
Global
	GlobalSection(SolutionConfigurationPlatforms) = preSolution
		Debug|Any CPU = Debug|Any CPU
		Release|Any CPU = Release|Any CPU
	EndGlobalSection
	GlobalSection(ProjectConfigurationPlatforms) = postSolution
		{8126ED10-5ECB-4CD5-8146-43CCA4524F13}.Debug|Any CPU.ActiveCfg = Debug|Any CPU
		{8126ED10-5ECB-4CD5-8146-43CCA4524F13}.Debug|Any CPU.Build.0 = Debug|Any CPU
		{8126ED10-5ECB-4CD5-8146-43CCA4524F13}.Release|Any CPU.ActiveCfg = Release|Any CPU
		{8126ED10-5ECB-4CD5-8146-43CCA4524F13}.Release|Any CPU.Build.0 = Release|Any CPU
	EndGlobalSection
	GlobalSection(SolutionProperties) = preSolution
		HideSolutionNode = FALSE
	EndGlobalSection
	GlobalSection(ExtensibilityGlobals) = postSolution
		SolutionGuid = {057A4BB0-D689-423B-9B05-7A8EE3C38D89}
	EndGlobalSection
EndGlobal
